{
  "name": "fixture-app",
  "lockfileVersion": 3,
  "packages": {
    "": {
      "name": "fixture-app",
      "version": "1.0.0",
      "dependencies": {
        "express": "^4.18.2",
        "@scope/pkg": "^1.0.0"
      }
    },
    "node_modules/express": {
      "version": "4.18.2",
      "dependencies": {
        "accepts": "~1.3.8"
      }
    },
    "node_modules/accepts": {
      "version": "1.3.8"
    },
    "node_modules/@scope/pkg": {
      "version": "1.0.0"
    },
    "node_modules/another/node_modules/accepts": {
      "version": "1.3.8"
    }
  }
}
